{
    "requires": true,
    "lockfileVersion": 1,
    "dependencies": {
        "elevator.js": {
            "version": "1.0.1",
            "resolved": "https://registry.npmjs.org/elevator.js/-/elevator.js-1.0.1.tgz",
            "integrity": "sha512-3+jUQIrUxDGjhF7cyrxi+NcqaDkYhQ+Y2UfVqozYMLxAY1i9l2ZjLWzPlFMFc4nx3SPYf9EPHEn1zUqpIWlXng==",
            "dev": true
        },
        "vue-elevator": {
            "version": "1.1.4",
            "resolved": "https://registry.npmjs.org/vue-elevator/-/vue-elevator-1.1.4.tgz",
            "integrity": "sha512-6kbw2BiHsUFYOIVAjPMgMO1RbZB3cz5GFv2D+yFlb9mfmfWc/2bfiGnZ6TLd6V7TjVlGZqow9eOLrYnoiSxsZw==",
            "dev": true,
            "requires": {
                "elevator.js": "1.0.1"
            }
        }
    }
}
